
Microsoft Visual Studio Solution File, Format Version 12.00
# Visual Studio Version 16
VisualStudioVersion = 16.0.30907.101
MinimumVisualStudioVersion = 10.0.40219.1
Project("{FAE04EC0-301F-11D3-BF4B-00C04F79EFBC}") = "ReflectionSample", "ReflectionSample\ReflectionSample.csproj", "{DE65DD7D-9DAE-4102-B29C-03276742EB2B}"
EndProject
Project("{FAE04EC0-301F-11D3-BF4B-00C04F79EFBC}") = "ExternalExeCall", "ExternalExeCall\ExternalExeCall.csproj", "{074D07BF-12F5-4995-B74F-9955F0B14D5E}"
EndProject
Project("{FAE04EC0-301F-11D3-BF4B-00C04F79EFBC}") = "BasicWebServerUrlParser", "BasicWebServer\BasicWebServerUrlParser.csproj", "{B6A28AAE-DA86-41D3-8A15-9B529A3AD71C}"
EndProject
Project("{9A19103F-16F7-4668-BE54-9A1E7A4F7556}") = "HTTPListener", "HTTPListener\HTTPListener.csproj", "{2397903A-F52B-4378-9787-FECE10307504}"
EndProject
Project("{FAE04EC0-301F-11D3-BF4B-00C04F79EFBC}") = "WebDynamic", "WebDynamic\WebDynamic.csproj", "{5CAC4EB9-786E-430B-94E4-CF4A0CDCBF46}"
EndProject
Project("{FAE04EC0-301F-11D3-BF4B-00C04F79EFBC}") = "Exec", "Exec\Exec.csproj", "{A9DB3F95-D8B3-41E2-BAB1-4417B3F4CCA1}"
EndProject
Project("{FAE04EC0-301F-11D3-BF4B-00C04F79EFBC}") = "WebService", "WebService\WebService.csproj", "{E94AA556-BE30-4D59-8F38-454E3F41F9D6}"
EndProject
Project("{FAE04EC0-301F-11D3-BF4B-00C04F79EFBC}") = "WebServiceClient", "WebServiceClient\WebServiceClient.csproj", "{3F3ACD7B-28E7-4E0C-AAD0-BED657A162C3}"
EndProject
Global
	GlobalSection(SolutionConfigurationPlatforms) = preSolution
		Debug|Any CPU = Debug|Any CPU
		Release|Any CPU = Release|Any CPU
	EndGlobalSection
	GlobalSection(ProjectConfigurationPlatforms) = postSolution
		{DE65DD7D-9DAE-4102-B29C-03276742EB2B}.Debug|Any CPU.ActiveCfg = Debug|Any CPU
		{DE65DD7D-9DAE-4102-B29C-03276742EB2B}.Debug|Any CPU.Build.0 = Debug|Any CPU
		{DE65DD7D-9DAE-4102-B29C-03276742EB2B}.Release|Any CPU.ActiveCfg = Release|Any CPU
		{DE65DD7D-9DAE-4102-B29C-03276742EB2B}.Release|Any CPU.Build.0 = Release|Any CPU
		{074D07BF-12F5-4995-B74F-9955F0B14D5E}.Debug|Any CPU.ActiveCfg = Debug|Any CPU
		{074D07BF-12F5-4995-B74F-9955F0B14D5E}.Debug|Any CPU.Build.0 = Debug|Any CPU
		{074D07BF-12F5-4995-B74F-9955F0B14D5E}.Release|Any CPU.ActiveCfg = Release|Any CPU
		{074D07BF-12F5-4995-B74F-9955F0B14D5E}.Release|Any CPU.Build.0 = Release|Any CPU
		{B6A28AAE-DA86-41D3-8A15-9B529A3AD71C}.Debug|Any CPU.ActiveCfg = Debug|Any CPU
		{B6A28AAE-DA86-41D3-8A15-9B529A3AD71C}.Debug|Any CPU.Build.0 = Debug|Any CPU
		{B6A28AAE-DA86-41D3-8A15-9B529A3AD71C}.Release|Any CPU.ActiveCfg = Release|Any CPU
		{B6A28AAE-DA86-41D3-8A15-9B529A3AD71C}.Release|Any CPU.Build.0 = Release|Any CPU
		{2397903A-F52B-4378-9787-FECE10307504}.Debug|Any CPU.ActiveCfg = Debug|Any CPU
		{2397903A-F52B-4378-9787-FECE10307504}.Debug|Any CPU.Build.0 = Debug|Any CPU
		{2397903A-F52B-4378-9787-FECE10307504}.Release|Any CPU.ActiveCfg = Release|Any CPU
		{2397903A-F52B-4378-9787-FECE10307504}.Release|Any CPU.Build.0 = Release|Any CPU
		{5CAC4EB9-786E-430B-94E4-CF4A0CDCBF46}.Debug|Any CPU.ActiveCfg = Debug|Any CPU
		{5CAC4EB9-786E-430B-94E4-CF4A0CDCBF46}.Debug|Any CPU.Build.0 = Debug|Any CPU
		{5CAC4EB9-786E-430B-94E4-CF4A0CDCBF46}.Release|Any CPU.ActiveCfg = Release|Any CPU
		{5CAC4EB9-786E-430B-94E4-CF4A0CDCBF46}.Release|Any CPU.Build.0 = Release|Any CPU
		{A9DB3F95-D8B3-41E2-BAB1-4417B3F4CCA1}.Debug|Any CPU.ActiveCfg = Debug|Any CPU
		{A9DB3F95-D8B3-41E2-BAB1-4417B3F4CCA1}.Debug|Any CPU.Build.0 = Debug|Any CPU
		{A9DB3F95-D8B3-41E2-BAB1-4417B3F4CCA1}.Release|Any CPU.ActiveCfg = Release|Any CPU
		{A9DB3F95-D8B3-41E2-BAB1-4417B3F4CCA1}.Release|Any CPU.Build.0 = Release|Any CPU
		{E94AA556-BE30-4D59-8F38-454E3F41F9D6}.Debug|Any CPU.ActiveCfg = Debug|Any CPU
		{E94AA556-BE30-4D59-8F38-454E3F41F9D6}.Debug|Any CPU.Build.0 = Debug|Any CPU
		{E94AA556-BE30-4D59-8F38-454E3F41F9D6}.Release|Any CPU.ActiveCfg = Release|Any CPU
		{E94AA556-BE30-4D59-8F38-454E3F41F9D6}.Release|Any CPU.Build.0 = Release|Any CPU
		{3F3ACD7B-28E7-4E0C-AAD0-BED657A162C3}.Debug|Any CPU.ActiveCfg = Debug|Any CPU
		{3F3ACD7B-28E7-4E0C-AAD0-BED657A162C3}.Debug|Any CPU.Build.0 = Debug|Any CPU
		{3F3ACD7B-28E7-4E0C-AAD0-BED657A162C3}.Release|Any CPU.ActiveCfg = Release|Any CPU
		{3F3ACD7B-28E7-4E0C-AAD0-BED657A162C3}.Release|Any CPU.Build.0 = Release|Any CPU
	EndGlobalSection
	GlobalSection(SolutionProperties) = preSolution
		HideSolutionNode = FALSE
	EndGlobalSection
	GlobalSection(ExtensibilityGlobals) = postSolution
		SolutionGuid = {EB2F176A-128D-4176-B75A-A077013CA20D}
	EndGlobalSection
EndGlobal
